// !$*UTF8*$!
{
	archiveVersion = 1;
	classes = {
	};
	objectVersion = 56;
	objects = {

/* Begin PBXBuildFile section */
		09311FA829B4E75900343147 /* FacoryPatternForNetworkingServiceApp.swift in Sources */ = {isa = PBXBuildFile; fileRef = 09311FA729B4E75900343147 /* FacoryPatternForNetworkingServiceApp.swift */; };
		09311FAA29B4E75900343147 /* ContentView.swift in Sources */ = {isa = PBXBuildFile; fileRef = 09311FA929B4E75900343147 /* ContentView.swift */; };
		09311FAC29B4E75B00343147 /* Assets.xcassets in Resources */ = {isa = PBXBuildFile; fileRef = 09311FAB29B4E75B00343147 /* Assets.xcassets */; };
		09311FAF29B4E75B00343147 /* Preview Assets.xcassets in Resources */ = {isa = PBXBuildFile; fileRef = 09311FAE29B4E75B00343147 /* Preview Assets.xcassets */; };
		09311FBB29B4EB0A00343147 /* NetworkingService.swift in Sources */ = {isa = PBXBuildFile; fileRef = 09311FBA29B4EB0A00343147 /* NetworkingService.swift */; };
		09311FBD29B4EBCF00343147 /* AcronymNetworkingService.swift in Sources */ = {isa = PBXBuildFile; fileRef = 09311FBC29B4EBCF00343147 /* AcronymNetworkingService.swift */; };
		09311FC029B4EC2600343147 /* AcronymObject.swift in Sources */ = {isa = PBXBuildFile; fileRef = 09311FBF29B4EC2600343147 /* AcronymObject.swift */; };
		09311FC229B4EFB800343147 /* NetworkingServiceFactory.swift in Sources */ = {isa = PBXBuildFile; fileRef = 09311FC129B4EFB800343147 /* NetworkingServiceFactory.swift */; };
/* End PBXBuildFile section */

/* Begin PBXFileReference section */
		09311FA429B4E75900343147 /* FacoryPatternForNetworkingService.app */ = {isa = PBXFileReference; explicitFileType = wrapper.application; includeInIndex = 0; path = FacoryPatternForNetworkingService.app; sourceTree = BUILT_PRODUCTS_DIR; };
		09311FA729B4E75900343147 /* FacoryPatternForNetworkingServiceApp.swift */ = {isa = PBXFileReference; lastKnownFileType = sourcecode.swift; path = FacoryPatternForNetworkingServiceApp.swift; sourceTree = "<group>"; };
		09311FA929B4E75900343147 /* ContentView.swift */ = {isa = PBXFileReference; lastKnownFileType = sourcecode.swift; path = ContentView.swift; sourceTree = "<group>"; };
		09311FAB29B4E75B00343147 /* Assets.xcassets */ = {isa = PBXFileReference; lastKnownFileType = folder.assetcatalog; path = Assets.xcassets; sourceTree = "<group>"; };
		09311FAE29B4E75B00343147 /* Preview Assets.xcassets */ = {isa = PBXFileReference; lastKnownFileType = folder.assetcatalog; path = "Preview Assets.xcassets"; sourceTree = "<group>"; };
		09311FB929B4E8C300343147 /* Info.plist */ = {isa = PBXFileReference; lastKnownFileType = text.plist; path = Info.plist; sourceTree = "<group>"; };
		09311FBA29B4EB0A00343147 /* NetworkingService.swift */ = {isa = PBXFileReference; lastKnownFileType = sourcecode.swift; path = NetworkingService.swift; sourceTree = "<group>"; };
		09311FBC29B4EBCF00343147 /* AcronymNetworkingService.swift */ = {isa = PBXFileReference; lastKnownFileType = sourcecode.swift; path = AcronymNetworkingService.swift; sourceTree = "<group>"; };
		09311FBF29B4EC2600343147 /* AcronymObject.swift */ = {isa = PBXFileReference; lastKnownFileType = sourcecode.swift; path = AcronymObject.swift; sourceTree = "<group>"; };
		09311FC129B4EFB800343147 /* NetworkingServiceFactory.swift */ = {isa = PBXFileReference; lastKnownFileType = sourcecode.swift; path = NetworkingServiceFactory.swift; sourceTree = "<group>"; };
/* End PBXFileReference section */

/* Begin PBXFrameworksBuildPhase section */
		09311FA129B4E75900343147 /* Frameworks */ = {
			isa = PBXFrameworksBuildPhase;
			buildActionMask = 2147483647;
			files = (
			);
			runOnlyForDeploymentPostprocessing = 0;
		};
/* End PBXFrameworksBuildPhase section */

/* Begin PBXGroup section */
		09311F9B29B4E75900343147 = {
			isa = PBXGroup;
			children = (
				09311FA629B4E75900343147 /* FacoryPatternForNetworkingService */,
				09311FA529B4E75900343147 /* Products */,
			);
			sourceTree = "<group>";
		};
		09311FA529B4E75900343147 /* Products */ = {
			isa = PBXGroup;
			children = (
				09311FA429B4E75900343147 /* FacoryPatternForNetworkingService.app */,
			);
			name = Products;
			sourceTree = "<group>";
		};
		09311FA629B4E75900343147 /* FacoryPatternForNetworkingService */ = {
			isa = PBXGroup;
			children = (
				09311FBE29B4EBE900343147 /* Models */,
				09311FB929B4E8C300343147 /* Info.plist */,
				09311FB829B4E7AB00343147 /* Views */,
				09311FB729B4E79700343147 /* NetworkingServices */,
				09311FB629B4E78C00343147 /* Factories */,
				09311FB529B4E78300343147 /* Protocols */,
				09311FA729B4E75900343147 /* FacoryPatternForNetworkingServiceApp.swift */,
				09311FAB29B4E75B00343147 /* Assets.xcassets */,
				09311FAD29B4E75B00343147 /* Preview Content */,
			);
			path = FacoryPatternForNetworkingService;
			sourceTree = "<group>";
		};
		09311FAD29B4E75B00343147 /* Preview Content */ = {
			isa = PBXGroup;
			children = (
				09311FAE29B4E75B00343147 /* Preview Assets.xcassets */,
			);
			path = "Preview Content";
			sourceTree = "<group>";
		};
		09311FB529B4E78300343147 /* Protocols */ = {
			isa = PBXGroup;
			children = (
				09311FBA29B4EB0A00343147 /* NetworkingService.swift */,
			);
			path = Protocols;
			sourceTree = "<group>";
		};
		09311FB629B4E78C00343147 /* Factories */ = {
			isa = PBXGroup;
			children = (
				09311FC129B4EFB800343147 /* NetworkingServiceFactory.swift */,
			);
			path = Factories;
			sourceTree = "<group>";
		};
		09311FB729B4E79700343147 /* NetworkingServices */ = {
			isa = PBXGroup;
			children = (
				09311FBC29B4EBCF00343147 /* AcronymNetworkingService.swift */,
			);
			path = NetworkingServices;
			sourceTree = "<group>";
		};
		09311FB829B4E7AB00343147 /* Views */ = {
			isa = PBXGroup;
			children = (
				09311FA929B4E75900343147 /* ContentView.swift */,
			);
			path = Views;
			sourceTree = "<group>";
		};
		09311FBE29B4EBE900343147 /* Models */ = {
			isa = PBXGroup;
			children = (
				09311FBF29B4EC2600343147 /* AcronymObject.swift */,
			);
			path = Models;
			sourceTree = "<group>";
		};
/* End PBXGroup section */

/* Begin PBXNativeTarget section */
		09311FA329B4E75900343147 /* FacoryPatternForNetworkingService */ = {
			isa = PBXNativeTarget;
			buildConfigurationList = 09311FB229B4E75B00343147 /* Build configuration list for PBXNativeTarget "FacoryPatternForNetworkingService" */;
			buildPhases = (
				09311FA029B4E75900343147 /* Sources */,
				09311FA129B4E75900343147 /* Frameworks */,
				09311FA229B4E75900343147 /* Resources */,
			);
			buildRules = (
			);
			dependencies = (
			);
			name = FacoryPatternForNetworkingService;
			productName = FacoryPatternForNetworkingService;
			productReference = 09311FA429B4E75900343147 /* FacoryPatternForNetworkingService.app */;
			productType = "com.apple.product-type.application";
		};
/* End PBXNativeTarget section */

/* Begin PBXProject section */
		09311F9C29B4E75900343147 /* Project object */ = {
			isa = PBXProject;
			attributes = {
				BuildIndependentTargetsInParallel = 1;
				LastSwiftUpdateCheck = 1420;
				LastUpgradeCheck = 1420;
				TargetAttributes = {
					09311FA329B4E75900343147 = {
						CreatedOnToolsVersion = 14.2;
					};
				};
			};
			buildConfigurationList = 09311F9F29B4E75900343147 /* Build configuration list for PBXProject "FacoryPatternForNetworkingService" */;
			compatibilityVersion = "Xcode 14.0";
			developmentRegion = en;
			hasScannedForEncodings = 0;
			knownRegions = (
				en,
				Base,
			);
			mainGroup = 09311F9B29B4E75900343147;
			productRefGroup = 09311FA529B4E75900343147 /* Products */;
			projectDirPath = "";
			projectRoot = "";
			targets = (
				09311FA329B4E75900343147 /* FacoryPatternForNetworkingService */,
			);
		};
/* End PBXProject section */

/* Begin PBXResourcesBuildPhase section */
		09311FA229B4E75900343147 /* Resources */ = {
			isa = PBXResourcesBuildPhase;
			buildActionMask = 2147483647;
			files = (
				09311FAF29B4E75B00343147 /* Preview Assets.xcassets in Resources */,
				09311FAC29B4E75B00343147 /* Assets.xcassets in Resources */,
			);
			runOnlyForDeploymentPostprocessing = 0;
		};
/* End PBXResourcesBuildPhase section */

/* Begin PBXSourcesBuildPhase section */
		09311FA029B4E75900343147 /* Sources */ = {
			isa = PBXSourcesBuildPhase;
			buildActionMask = 2147483647;
			files = (
				09311FC229B4EFB800343147 /* NetworkingServiceFactory.swift in Sources */,
				09311FBB29B4EB0A00343147 /* NetworkingService.swift in Sources */,
				09311FAA29B4E75900343147 /* ContentView.swift in Sources */,
				09311FBD29B4EBCF00343147 /* AcronymNetworkingService.swift in Sources */,
				09311FA829B4E75900343147 /* FacoryPatternForNetworkingServiceApp.swift in Sources */,
				09311FC029B4EC2600343147 /* AcronymObject.swift in Sources */,
			);
			runOnlyForDeploymentPostprocessing = 0;
		};
/* End PBXSourcesBuildPhase section */

/* Begin XCBuildConfiguration section */
		09311FB029B4E75B00343147 /* Debug */ = {
			isa = XCBuildConfiguration;
			buildSettings = {
				ALWAYS_SEARCH_USER_PATHS = NO;
				CLANG_ANALYZER_NONNULL = YES;
				CLANG_ANALYZER_NUMBER_OBJECT_CONVERSION = YES_AGGRESSIVE;
				CLANG_CXX_LANGUAGE_STANDARD = "gnu++20";
				CLANG_ENABLE_MODULES = YES;
				CLANG_ENABLE_OBJC_ARC = YES;
				CLANG_ENABLE_OBJC_WEAK = YES;
				CLANG_WARN_BLOCK_CAPTURE_AUTORELEASING = YES;
				CLANG_WARN_BOOL_CONVERSION = YES;
				CLANG_WARN_COMMA = YES;
				CLANG_WARN_CONSTANT_CONVERSION = YES;
				CLANG_WARN_DEPRECATED_OBJC_IMPLEMENTATIONS = YES;
				CLANG_WARN_DIRECT_OBJC_ISA_USAGE = YES_ERROR;
				CLANG_WARN_DOCUMENTATION_COMMENTS = YES;
				CLANG_WARN_EMPTY_BODY = YES;
				CLANG_WARN_ENUM_CONVERSION = YES;
				CLANG_WARN_INFINITE_RECURSION = YES;
				CLANG_WARN_INT_CONVERSION = YES;
				CLANG_WARN_NON_LITERAL_NULL_CONVERSION = YES;
				CLANG_WARN_OBJC_IMPLICIT_RETAIN_SELF = YES;
				CLANG_WARN_OBJC_LITERAL_CONVERSION = YES;
				CLANG_WARN_OBJC_ROOT_CLASS = YES_ERROR;
				CLANG_WARN_QUOTED_INCLUDE_IN_FRAMEWORK_HEADER = YES;
				CLANG_WARN_RANGE_LOOP_ANALYSIS = YES;
				CLANG_WARN_STRICT_PROTOTYPES = YES;
				CLANG_WARN_SUSPICIOUS_MOVE = YES;
				CLANG_WARN_UNGUARDED_AVAILABILITY = YES_AGGRESSIVE;
				CLANG_WARN_UNREACHABLE_CODE = YES;
				CLANG_WARN__DUPLICATE_METHOD_MATCH = YES;
				COPY_PHASE_STRIP = NO;
				DEBUG_INFORMATION_FORMAT = dwarf;
				ENABLE_STRICT_OBJC_MSGSEND = YES;
				ENABLE_TESTABILITY = YES;
				GCC_C_LANGUAGE_STANDARD = gnu11;
				GCC_DYNAMIC_NO_PIC = NO;
				GCC_NO_COMMON_BLOCKS = YES;
				GCC_OPTIMIZATION_LEVEL = 0;
				GCC_PREPROCESSOR_DEFINITIONS = (
					"DEBUG=1",
					"$(inherited)",
				);
				GCC_WARN_64_TO_32_BIT_CONVERSION = YES;
				GCC_WARN_ABOUT_RETURN_TYPE = YES_ERROR;
				GCC_WARN_UNDECLARED_SELECTOR = YES;
				GCC_WARN_UNINITIALIZED_AUTOS = YES_AGGRESSIVE;
				GCC_WARN_UNUSED_FUNCTION = YES;
				GCC_WARN_UNUSED_VARIABLE = YES;
				IPHONEOS_DEPLOYMENT_TARGET = 16.2;
				MTL_ENABLE_DEBUG_INFO = INCLUDE_SOURCE;
				MTL_FAST_MATH = YES;
				ONLY_ACTIVE_ARCH = YES;
				SDKROOT = iphoneos;
				SWIFT_ACTIVE_COMPILATION_CONDITIONS = DEBUG;
				SWIFT_OPTIMIZATION_LEVEL = "-Onone";
			};
			name = Debug;
		};
		09311FB129B4E75B00343147 /* Release */ = {
			isa = XCBuildConfiguration;
			buildSettings = {
				ALWAYS_SEARCH_USER_PATHS = NO;
				CLANG_ANALYZER_NONNULL = YES;
				CLANG_ANALYZER_NUMBER_OBJECT_CONVERSION = YES_AGGRESSIVE;
				CLANG_CXX_LANGUAGE_STANDARD = "gnu++20";
				CLANG_ENABLE_MODULES = YES;
				CLANG_ENABLE_OBJC_ARC = YES;
				CLANG_ENABLE_OBJC_WEAK = YES;
				CLANG_WARN_BLOCK_CAPTURE_AUTORELEASING = YES;
				CLANG_WARN_BOOL_CONVERSION = YES;
				CLANG_WARN_COMMA = YES;
				CLANG_WARN_CONSTANT_CONVERSION = YES;
				CLANG_WARN_DEPRECATED_OBJC_IMPLEMENTATIONS = YES;
				CLANG_WARN_DIRECT_OBJC_ISA_USAGE = YES_ERROR;
				CLANG_WARN_DOCUMENTATION_COMMENTS = YES;
				CLANG_WARN_EMPTY_BODY = YES;
				CLANG_WARN_ENUM_CONVERSION = YES;
				CLANG_WARN_INFINITE_RECURSION = YES;
				CLANG_WARN_INT_CONVERSION = YES;
				CLANG_WARN_NON_LITERAL_NULL_CONVERSION = YES;
				CLANG_WARN_OBJC_IMPLICIT_RETAIN_SELF = YES;
				CLANG_WARN_OBJC_LITERAL_CONVERSION = YES;
				CLANG_WARN_OBJC_ROOT_CLASS = YES_ERROR;
				CLANG_WARN_QUOTED_INCLUDE_IN_FRAMEWORK_HEADER = YES;
				CLANG_WARN_RANGE_LOOP_ANALYSIS = YES;
				CLANG_WARN_STRICT_PROTOTYPES = YES;
				CLANG_WARN_SUSPICIOUS_MOVE = YES;
				CLANG_WARN_UNGUARDED_AVAILABILITY = YES_AGGRESSIVE;
				CLANG_WARN_UNREACHABLE_CODE = YES;
				CLANG_WARN__DUPLICATE_METHOD_MATCH = YES;
				COPY_PHASE_STRIP = NO;
				DEBUG_INFORMATION_FORMAT = "dwarf-with-dsym";
				ENABLE_NS_ASSERTIONS = NO;
				ENABLE_STRICT_OBJC_MSGSEND = YES;
				GCC_C_LANGUAGE_STANDARD = gnu11;
				GCC_NO_COMMON_BLOCKS = YES;
				GCC_WARN_64_TO_32_BIT_CONVERSION = YES;
				GCC_WARN_ABOUT_RETURN_TYPE = YES_ERROR;
				GCC_WARN_UNDECLARED_SELECTOR = YES;
				GCC_WARN_UNINITIALIZED_AUTOS = YES_AGGRESSIVE;
				GCC_WARN_UNUSED_FUNCTION = YES;
				GCC_WARN_UNUSED_VARIABLE = YES;
				IPHONEOS_DEPLOYMENT_TARGET = 16.2;
				MTL_ENABLE_DEBUG_INFO = NO;
				MTL_FAST_MATH = YES;
				SDKROOT = iphoneos;
				SWIFT_COMPILATION_MODE = wholemodule;
				SWIFT_OPTIMIZATION_LEVEL = "-O";
				VALIDATE_PRODUCT = YES;
			};
			name = Release;
		};
		09311FB329B4E75B00343147 /* Debug */ = {
			isa = XCBuildConfiguration;
			buildSettings = {
				ASSETCATALOG_COMPILER_APPICON_NAME = AppIcon;
				ASSETCATALOG_COMPILER_GLOBAL_ACCENT_COLOR_NAME = AccentColor;
				CODE_SIGN_STYLE = Automatic;
				CURRENT_PROJECT_VERSION = 1;
				DEVELOPMENT_ASSET_PATHS = "\"FacoryPatternForNetworkingService/Preview Content\"";
				DEVELOPMENT_TEAM = 93TAG27MAJ;
				ENABLE_PREVIEWS = YES;
				GENERATE_INFOPLIST_FILE = YES;
				INFOPLIST_FILE = FacoryPatternForNetworkingService/Info.plist;
				INFOPLIST_KEY_UIApplicationSceneManifest_Generation = YES;
				INFOPLIST_KEY_UIApplicationSupportsIndirectInputEvents = YES;
				INFOPLIST_KEY_UILaunchScreen_Generation = YES;
				INFOPLIST_KEY_UISupportedInterfaceOrientations_iPad = "UIInterfaceOrientationPortrait UIInterfaceOrientationPortraitUpsideDown UIInterfaceOrientationLandscapeLeft UIInterfaceOrientationLandscapeRight";
				INFOPLIST_KEY_UISupportedInterfaceOrientations_iPhone = "UIInterfaceOrientationPortrait UIInterfaceOrientationLandscapeLeft UIInterfaceOrientationLandscapeRight";
				LD_RUNPATH_SEARCH_PATHS = (
					"$(inherited)",
					"@executable_path/Frameworks",
				);
				MARKETING_VERSION = 1.0;
				PRODUCT_BUNDLE_IDENTIFIER = com.GroverTech.FacoryPatternForNetworkingService;
				PRODUCT_NAME = "$(TARGET_NAME)";
				SWIFT_EMIT_LOC_STRINGS = YES;
				SWIFT_VERSION = 5.0;
				TARGETED_DEVICE_FAMILY = "1,2";
			};
			name = Debug;
		};
		09311FB429B4E75B00343147 /* Release */ = {
			isa = XCBuildConfiguration;
			buildSettings = {
				ASSETCATALOG_COMPILER_APPICON_NAME = AppIcon;
				ASSETCATALOG_COMPILER_GLOBAL_ACCENT_COLOR_NAME = AccentColor;
				CODE_SIGN_STYLE = Automatic;
				CURRENT_PROJECT_VERSION = 1;
				DEVELOPMENT_ASSET_PATHS = "\"FacoryPatternForNetworkingService/Preview Content\"";
				DEVELOPMENT_TEAM = 93TAG27MAJ;
				ENABLE_PREVIEWS = YES;
				GENERATE_INFOPLIST_FILE = YES;
				INFOPLIST_FILE = FacoryPatternForNetworkingService/Info.plist;
				INFOPLIST_KEY_UIApplicationSceneManifest_Generation = YES;
				INFOPLIST_KEY_UIApplicationSupportsIndirectInputEvents = YES;
				INFOPLIST_KEY_UILaunchScreen_Generation = YES;
				INFOPLIST_KEY_UISupportedInterfaceOrientations_iPad = "UIInterfaceOrientationPortrait UIInterfaceOrientationPortraitUpsideDown UIInterfaceOrientationLandscapeLeft UIInterfaceOrientationLandscapeRight";
				INFOPLIST_KEY_UISupportedInterfaceOrientations_iPhone = "UIInterfaceOrientationPortrait UIInterfaceOrientationLandscapeLeft UIInterfaceOrientationLandscapeRight";
				LD_RUNPATH_SEARCH_PATHS = (
					"$(inherited)",
					"@executable_path/Frameworks",
				);
				MARKETING_VERSION = 1.0;
				PRODUCT_BUNDLE_IDENTIFIER = com.GroverTech.FacoryPatternForNetworkingService;
				PRODUCT_NAME = "$(TARGET_NAME)";
				SWIFT_EMIT_LOC_STRINGS = YES;
				SWIFT_VERSION = 5.0;
				TARGETED_DEVICE_FAMILY = "1,2";
			};
			name = Release;
		};
/* End XCBuildConfiguration section */

/* Begin XCConfigurationList section */
		09311F9F29B4E75900343147 /* Build configuration list for PBXProject "FacoryPatternForNetworkingService" */ = {
			isa = XCConfigurationList;
			buildConfigurations = (
				09311FB029B4E75B00343147 /* Debug */,
				09311FB129B4E75B00343147 /* Release */,
			);
			defaultConfigurationIsVisible = 0;
			defaultConfigurationName = Release;
		};
		09311FB229B4E75B00343147 /* Build configuration list for PBXNativeTarget "FacoryPatternForNetworkingService" */ = {
			isa = XCConfigurationList;
			buildConfigurations = (
				09311FB329B4E75B00343147 /* Debug */,
				09311FB429B4E75B00343147 /* Release */,
			);
			defaultConfigurationIsVisible = 0;
			defaultConfigurationName = Release;
		};
/* End XCConfigurationList section */
	};
	rootObject = 09311F9C29B4E75900343147 /* Project object */;
}
